
Microsoft Visual Studio Solution File, Format Version 12.00
# Visual Studio Version 17
VisualStudioVersion = 17.7.34202.233
MinimumVisualStudioVersion = 10.0.40219.1
Project("{9A19103F-16F7-4668-BE54-9A1E7A4F7556}") = "Blockwoche", "Blockwoche\Blockwoche.csproj", "{497C6AEF-A23E-420F-BEBF-7285019D2AA1}"
EndProject
Project("{9A19103F-16F7-4668-BE54-9A1E7A4F7556}") = "BlockwocheTests", "BlockwocheTests\BlockwocheTests.csproj", "{2DEECC05-9797-4462-8950-0CAC9F9C3899}"
EndProject
Global
	GlobalSection(SolutionConfigurationPlatforms) = preSolution
		Debug|Any CPU = Debug|Any CPU
		Release|Any CPU = Release|Any CPU
	EndGlobalSection
	GlobalSection(ProjectConfigurationPlatforms) = postSolution
		{497C6AEF-A23E-420F-BEBF-7285019D2AA1}.Debug|Any CPU.ActiveCfg = Debug|Any CPU
		{497C6AEF-A23E-420F-BEBF-7285019D2AA1}.Debug|Any CPU.Build.0 = Debug|Any CPU
		{497C6AEF-A23E-420F-BEBF-7285019D2AA1}.Release|Any CPU.ActiveCfg = Release|Any CPU
		{497C6AEF-A23E-420F-BEBF-7285019D2AA1}.Release|Any CPU.Build.0 = Release|Any CPU
		{2DEECC05-9797-4462-8950-0CAC9F9C3899}.Debug|Any CPU.ActiveCfg = Debug|Any CPU
		{2DEECC05-9797-4462-8950-0CAC9F9C3899}.Debug|Any CPU.Build.0 = Debug|Any CPU
		{2DEECC05-9797-4462-8950-0CAC9F9C3899}.Release|Any CPU.ActiveCfg = Release|Any CPU
		{2DEECC05-9797-4462-8950-0CAC9F9C3899}.Release|Any CPU.Build.0 = Release|Any CPU
	EndGlobalSection
	GlobalSection(SolutionProperties) = preSolution
		HideSolutionNode = FALSE
	EndGlobalSection
	GlobalSection(ExtensibilityGlobals) = postSolution
		SolutionGuid = {49AA95E3-3DBB-4244-9D5F-6EE9843D534D}
	EndGlobalSection
EndGlobal
